{
    "hash": "dee8af308c64546f53e93781a4b977cc",
    "packages": [
        {
            "package": "mageekguy/atoum",
            "version": "dev-master",
            "source-reference": "36f9ec41fa70f70df2754caa4262deaa883068b8",
            "commit-date": "1347013532"
        },
        {
            "package": "monolog/monolog",
            "version": "1.1.0"
        },
        {
            "package": "phing/phing",
            "version": "2.4.12"
        },
        {
            "package": "pimple/pimple",
            "version": "dev-master",
            "alias-pretty-version": "1.0.x-dev",
            "alias-version": "1.0.9999999.9999999-dev"
        },
        {
            "package": "pimple/pimple",
            "version": "dev-master",
            "source-reference": "db836b8cfadc0f39dacafa2bf311a1ab603600bb",
            "commit-date": "1343051648"
        },
        {
            "package": "propel/propel-service-provider",
            "version": "dev-master",
            "source-reference": "0.0.1",
            "commit-date": "1339953161"
        },
        {
            "package": "propel/propel1",
            "version": "dev-master",
            "alias-pretty-version": "1.6.x-dev",
            "alias-version": "1.6.9999999.9999999-dev"
        },
        {
            "package": "propel/propel1",
            "version": "dev-master",
            "source-reference": "6234fec72db2ad8fc0fe6e1ea6c1cd76abeeef5a",
            "commit-date": "1346182727"
        },
        {
            "package": "silex/silex",
            "version": "dev-master",
            "alias-pretty-version": "1.0.x-dev",
            "alias-version": "1.0.9999999.9999999-dev"
        },
        {
            "package": "silex/silex",
            "version": "dev-master",
            "source-reference": "73b18ef69f74d878465dba0836ad96affc6c820c",
            "commit-date": "1346766167"
        },
        {
            "package": "symfony/browser-kit",
            "version": "v2.1.0"
        },
        {
            "package": "symfony/class-loader",
            "version": "v2.1.0"
        },
        {
            "package": "symfony/config",
            "version": "v2.1.0"
        },
        {
            "package": "symfony/console",
            "version": "v2.1.0"
        },
        {
            "package": "symfony/css-selector",
            "version": "v2.1.0"
        },
        {
            "package": "symfony/dom-crawler",
            "version": "v2.1.0"
        },
        {
            "package": "symfony/event-dispatcher",
            "version": "v2.1.0"
        },
        {
            "package": "symfony/filesystem",
            "version": "v2.1.0"
        },
        {
            "package": "symfony/finder",
            "version": "v2.1.0"
        },
        {
            "package": "symfony/form",
            "version": "v2.1.0"
        },
        {
            "package": "symfony/http-foundation",
            "version": "v2.1.0"
        },
        {
            "package": "symfony/http-kernel",
            "version": "v2.1.0"
        },
        {
            "package": "symfony/locale",
            "version": "v2.1.0"
        },
        {
            "package": "symfony/monolog-bridge",
            "version": "v2.1.0"
        },
        {
            "package": "symfony/options-resolver",
            "version": "v2.1.0"
        },
        {
            "package": "symfony/process",
            "version": "v2.1.0"
        },
        {
            "package": "symfony/routing",
            "version": "v2.1.0"
        },
        {
            "package": "symfony/security",
            "version": "v2.1.0"
        },
        {
            "package": "symfony/translation",
            "version": "v2.1.0"
        },
        {
            "package": "symfony/twig-bridge",
            "version": "v2.1.0"
        },
        {
            "package": "symfony/validator",
            "version": "v2.1.0"
        },
        {
            "package": "symfony/yaml",
            "version": "v2.1.0"
        },
        {
            "package": "twig/twig",
            "version": "dev-master",
            "alias-pretty-version": "1.9.x-dev",
            "alias-version": "1.9.9999999.9999999-dev"
        },
        {
            "package": "twig/twig",
            "version": "dev-master",
            "source-reference": "68b8c4619c5bbe82bd345fe56070dec8c356610a",
            "commit-date": "1347025342"
        }
    ],
    "packages-dev": null,
    "aliases": [

    ],
    "minimum-stability": "dev",
    "stability-flags": {
        "propel/propel-service-provider": 20,
        "mageekguy/atoum": 20
    }
}
